{
  "lockfileVersion": 1,
  "workspaces": {
    "": {
      "name": "react-router-rsbuild-plugin",
      "dependencies": {
        "@rsbuild/core": "^1.3.3",
        "@types/react": "^19.1.0",
        "chokidar": "^4.0.3",
        "react": "17",
        "react-router": "6",
      },
      "devDependencies": {
        "@types/bun": "latest",
      },
      "peerDependencies": {
        "typescript": "^5",
      },
    },
  },
  "packages": {
    "@module-federation/error-codes": ["@module-federation/error-codes@0.11.2", "", {}, "sha512-ik1Qnn0I+WyEdprTck9WGlH41vGsVdUg8cfO+ZM02qOb2cZm5Vu3SlxGAobj6g7uAj0g8yINnd7h7Dci40BxQA=="],

    "@module-federation/runtime": ["@module-federation/runtime@0.11.2", "", { "dependencies": { "@module-federation/error-codes": "0.11.2", "@module-federation/runtime-core": "0.11.2", "@module-federation/sdk": "0.11.2" } }, "sha512-Ya9u/L6z2LvhgpqxuKCB7LcigIIRf1BbaxAZIH7mzbq/A7rZtTP7v+73E433jvgiAlbAfPSZkeoYGele6hfRwA=="],

    "@module-federation/runtime-core": ["@module-federation/runtime-core@0.11.2", "", { "dependencies": { "@module-federation/error-codes": "0.11.2", "@module-federation/sdk": "0.11.2" } }, "sha512-dia5kKybi6MFU0s5PgglJwN27k7n9Sf69Cy5xZ4BWaP0qlaXTsxHKO0PECHNt2Pt8jDdyU29sQ4DwAQfxpnXJQ=="],

    "@module-federation/runtime-tools": ["@module-federation/runtime-tools@0.11.2", "", { "dependencies": { "@module-federation/runtime": "0.11.2", "@module-federation/webpack-bundler-runtime": "0.11.2" } }, "sha512-4MJTGAxVq6vxQRkTtTlH7Mm9AVqgn0X9kdu+7RsL7T/qU+jeYsbrntN2CWG3GVVA8r5JddXyTI1iJ0VXQZLV1w=="],

    "@module-federation/sdk": ["@module-federation/sdk@0.11.2", "", {}, "sha512-SBFe5xOamluT900J4AGBx+2/kCH/JbfqXoUwPSAC6PRzb8Y7LB0posnOGzmqYsLZXT37vp3d6AmJDsVoajDqxw=="],

    "@module-federation/webpack-bundler-runtime": ["@module-federation/webpack-bundler-runtime@0.11.2", "", { "dependencies": { "@module-federation/runtime": "0.11.2", "@module-federation/sdk": "0.11.2" } }, "sha512-WdwIE6QF+MKs/PdVu0cKPETF743JB9PZ62/qf7Uo3gU4fjsUMc37RnbJZ/qB60EaHHfjwp1v6NnhZw1r4eVsnw=="],

    "@remix-run/router": ["@remix-run/router@1.23.0", "", {}, "sha512-O3rHJzAQKamUz1fvE0Qaw0xSFqsA/yafi2iqeE0pvdFtCO1viYx8QL6f3Ln/aCCTLxs68SLf0KPM9eSeM8yBnA=="],

    "@rsbuild/core": ["@rsbuild/core@1.3.3", "", { "dependencies": { "@rspack/core": "1.3.2", "@rspack/lite-tapable": "~1.0.1", "@swc/helpers": "^0.5.15", "core-js": "~3.41.0", "jiti": "^2.4.2" }, "bin": { "rsbuild": "bin/rsbuild.js" } }, "sha512-1w/bvE6cVOYS7EMv7TI5i5BimDoqEt2T5nN89tC/BgouAnt1xKD0PeXKtuT9OE3xwuGt2iH1WEPLZz89b7tGcg=="],

    "@rspack/binding": ["@rspack/binding@1.3.2", "", { "optionalDependencies": { "@rspack/binding-darwin-arm64": "1.3.2", "@rspack/binding-darwin-x64": "1.3.2", "@rspack/binding-linux-arm64-gnu": "1.3.2", "@rspack/binding-linux-arm64-musl": "1.3.2", "@rspack/binding-linux-x64-gnu": "1.3.2", "@rspack/binding-linux-x64-musl": "1.3.2", "@rspack/binding-win32-arm64-msvc": "1.3.2", "@rspack/binding-win32-ia32-msvc": "1.3.2", "@rspack/binding-win32-x64-msvc": "1.3.2" } }, "sha512-QK+nHPDQGv16mBpJa5vULDrqDilgiFZ/BbGCZoCZRX373R9s0Doe6DBbty+RfTJwCsalF3r8X6MdWfy7UPu6Hw=="],

    "@rspack/binding-darwin-arm64": ["@rspack/binding-darwin-arm64@1.3.2", "", { "os": "darwin", "cpu": "arm64" }, "sha512-oeZvdHCY3XML8U6npof3b7uNVmNMTIRccPe2IDHlV1zk1MPfBzgrKOKmo1V8kqI43xAWET7CpAX9C+TjDDcy/g=="],

    "@rspack/binding-darwin-x64": ["@rspack/binding-darwin-x64@1.3.2", "", { "os": "darwin", "cpu": "x64" }, "sha512-V1IKH3I0uEf4vjou158amWgpAUz9MgGiFU09LgZS/hz1jYMTCi3Z791EEL4Gz6iqAixIZxtw6aYeotjRJ4Kyqg=="],

    "@rspack/binding-linux-arm64-gnu": ["@rspack/binding-linux-arm64-gnu@1.3.2", "", { "os": "linux", "cpu": "arm64" }, "sha512-nJzY+Ur6FxWM0xc+G2tY1TQu3s6qgolxXb5K2VLIDHSPqDAjqRc35ypQc9Tz3rUPb8HVh+X7YLIZxA0hE4eQOg=="],

    "@rspack/binding-linux-arm64-musl": ["@rspack/binding-linux-arm64-musl@1.3.2", "", { "os": "linux", "cpu": "arm64" }, "sha512-sRi77ccO/oOfyBNq3FgW2pDtXcgMzslLokOby8NpD/kv/SxtOE4ORoLZKzdJyGNh2WDPbtSwIDWPes2x4MKASQ=="],

    "@rspack/binding-linux-x64-gnu": ["@rspack/binding-linux-x64-gnu@1.3.2", "", { "os": "linux", "cpu": "x64" }, "sha512-KnrFQUj6SKJFGXqJW9Kgdv+mRGcPCirQesuwXtW+9YejT6MzLRRdJ4NDQdfcmfLZK9+ap+l73bLXAyMiIBZiOw=="],

    "@rspack/binding-linux-x64-musl": ["@rspack/binding-linux-x64-musl@1.3.2", "", { "os": "linux", "cpu": "x64" }, "sha512-ZcTl4LBgxp5Bfyu9x7NhYRAR4qWPwhhxzwXmiQ1ya7DsdqiYaiCr59dPQx7ZaExXckeHGly75B3aTn1II9Vexw=="],

    "@rspack/binding-win32-arm64-msvc": ["@rspack/binding-win32-arm64-msvc@1.3.2", "", { "os": "win32", "cpu": "arm64" }, "sha512-8volxqn9vps8XKj0DTRk/4d5TXL+vkaBRWF7CzzdfZYm/smvrdz2Iw7VmcACA7XaS41xqeTtrdq6CmaxC/4CFg=="],

    "@rspack/binding-win32-ia32-msvc": ["@rspack/binding-win32-ia32-msvc@1.3.2", "", { "os": "win32", "cpu": "ia32" }, "sha512-jTIiV4pt62xK3qNqI88F8rM+ynM36UmbZ8CRFqXRHdC+Cx/dUmk83IGQr9DNvjM7we7BxUm3Shmi1f0KyZrBKw=="],

    "@rspack/binding-win32-x64-msvc": ["@rspack/binding-win32-x64-msvc@1.3.2", "", { "os": "win32", "cpu": "x64" }, "sha512-DfQmL7LsqD7KEZv8/z0p6AkwQAGlv5fvl5X5z4bxyRc4JMvEPBxY8lW9iK5Hk66ECzERUI2HcQ0JbRD/e4oL8A=="],

    "@rspack/core": ["@rspack/core@1.3.2", "", { "dependencies": { "@module-federation/runtime-tools": "0.11.2", "@rspack/binding": "1.3.2", "@rspack/lite-tapable": "1.0.1", "caniuse-lite": "^1.0.30001707", "tinypool": "^1.0.2" }, "peerDependencies": { "@rspack/tracing": "^1.x", "@swc/helpers": ">=0.5.1" }, "optionalPeers": ["@rspack/tracing", "@swc/helpers"] }, "sha512-QbEn1SkNW3b89KTlSkp6OHdvw3DhpL6tSdDhsOlldw3LoRBy4fx80Z9W9lmg+g+8DjTAs1Z1ysElEFtAN69AZg=="],

    "@rspack/lite-tapable": ["@rspack/lite-tapable@1.0.1", "", {}, "sha512-VynGOEsVw2s8TAlLf/uESfrgfrq2+rcXB1muPJYBWbsm1Oa6r5qVQhjA5ggM6z/coYPrsVMgovl3Ff7Q7OCp1w=="],

    "@swc/helpers": ["@swc/helpers@0.5.15", "", { "dependencies": { "tslib": "^2.8.0" } }, "sha512-JQ5TuMi45Owi4/BIMAJBoSQoOJu12oOk/gADqlcUL9JEdHB8vyjUSsxqeNXnmXHjYKMi2WcYtezGEEhqUI/E2g=="],

    "@types/bun": ["@types/bun@1.2.8", "", { "dependencies": { "bun-types": "1.2.7" } }, "sha512-t8L1RvJVUghW5V+M/fL3Thbxcs0HwNsXsnTEBEfEVqGteiJToOlZ/fyOEaR1kZsNqnu+3XA4RI/qmnX4w6+S+w=="],

    "@types/node": ["@types/node@22.14.0", "", { "dependencies": { "undici-types": "~6.21.0" } }, "sha512-Kmpl+z84ILoG+3T/zQFyAJsU6EPTmOCj8/2+83fSN6djd6I4o7uOuGIH6vq3PrjY5BGitSbFuMN18j3iknubbA=="],

    "@types/react": ["@types/react@19.1.0", "", { "dependencies": { "csstype": "^3.0.2" } }, "sha512-UaicktuQI+9UKyA4njtDOGBD/67t8YEBt2xdfqu8+gP9hqPUPsiXlNPcpS2gVdjmis5GKPG3fCxbQLVgxsQZ8w=="],

    "@types/ws": ["@types/ws@8.18.1", "", { "dependencies": { "@types/node": "*" } }, "sha512-ThVF6DCVhA8kUGy+aazFQ4kXQ7E1Ty7A3ypFOe0IcJV8O/M511G99AW24irKrW56Wt44yG9+ij8FaqoBGkuBXg=="],

    "bun-types": ["bun-types@1.2.7", "", { "dependencies": { "@types/node": "*", "@types/ws": "*" } }, "sha512-P4hHhk7kjF99acXqKvltyuMQ2kf/rzIw3ylEDpCxDS9Xa0X0Yp/gJu/vDCucmWpiur5qJ0lwB2bWzOXa2GlHqA=="],

    "caniuse-lite": ["caniuse-lite@1.0.30001712", "", {}, "sha512-MBqPpGYYdQ7/hfKiet9SCI+nmN5/hp4ZzveOJubl5DTAMa5oggjAuoi0Z4onBpKPFI2ePGnQuQIzF3VxDjDJig=="],

    "chokidar": ["chokidar@4.0.3", "", { "dependencies": { "readdirp": "^4.0.1" } }, "sha512-Qgzu8kfBvo+cA4962jnP1KkS6Dop5NS6g7R5LFYJr4b8Ub94PPQXUksCw9PvXoeXPRRddRNC5C1JQUR2SMGtnA=="],

    "core-js": ["core-js@3.41.0", "", {}, "sha512-SJ4/EHwS36QMJd6h/Rg+GyR4A5xE0FSI3eZ+iBVpfqf1x0eTSg1smWLHrA+2jQThZSh97fmSgFSU8B61nxosxA=="],

    "csstype": ["csstype@3.1.3", "", {}, "sha512-M1uQkMl8rQK/szD0LNhtqxIPLpimGm8sOBwU7lLnCpSbTyY3yeU1Vc7l4KT5zT4s/yOxHH5O7tIuuLOCnLADRw=="],

    "jiti": ["jiti@2.4.2", "", { "bin": { "jiti": "lib/jiti-cli.mjs" } }, "sha512-rg9zJN+G4n2nfJl5MW3BMygZX56zKPNVEYYqq7adpmMh4Jn2QNEwhvQlFy6jPVdcod7txZtKHWnyZiA3a0zP7A=="],

    "js-tokens": ["js-tokens@4.0.0", "", {}, "sha512-RdJUflcE3cUzKiMqQgsCu06FPu9UdIJO0beYbPhHN4k6apgJtifcoCtT9bcxOpYBtpD2kCM6Sbzg4CausW/PKQ=="],

    "loose-envify": ["loose-envify@1.4.0", "", { "dependencies": { "js-tokens": "^3.0.0 || ^4.0.0" }, "bin": { "loose-envify": "cli.js" } }, "sha512-lyuxPGr/Wfhrlem2CL/UcnUc1zcqKAImBDzukY7Y5F/yQiNdko6+fRLevlw1HgMySw7f611UIY408EtxRSoK3Q=="],

    "object-assign": ["object-assign@4.1.1", "", {}, "sha512-rJgTQnkUnH1sFw8yT6VSU3zD3sWmu6sZhIseY8VX+GRu3P6F7Fu+JNDoXfklElbLJSnc3FUQHVe4cU5hj+BcUg=="],

    "react": ["react@17.0.2", "", { "dependencies": { "loose-envify": "^1.1.0", "object-assign": "^4.1.1" } }, "sha512-gnhPt75i/dq/z3/6q/0asP78D0u592D5L1pd7M8P+dck6Fu/jJeL6iVVK23fptSUZj8Vjf++7wXA8UNclGQcbA=="],

    "react-router": ["react-router@6.30.0", "", { "dependencies": { "@remix-run/router": "1.23.0" }, "peerDependencies": { "react": ">=16.8" } }, "sha512-D3X8FyH9nBcTSHGdEKurK7r8OYE1kKFn3d/CF+CoxbSHkxU7o37+Uh7eAHRXr6k2tSExXYO++07PeXJtA/dEhQ=="],

    "readdirp": ["readdirp@4.1.2", "", {}, "sha512-GDhwkLfywWL2s6vEjyhri+eXmfH6j1L7JE27WhqLeYzoh/A3DBaYGEj2H/HFZCn/kMfim73FXxEJTw06WtxQwg=="],

    "tinypool": ["tinypool@1.0.2", "", {}, "sha512-al6n+QEANGFOMf/dmUMsuS5/r9B06uwlyNjZZql/zv8J7ybHCgoihBNORZCY2mzUuAnomQa2JdhyHKzZxPCrFA=="],

    "tslib": ["tslib@2.8.1", "", {}, "sha512-oJFu94HQb+KVduSUQL7wnpmqnfmLsOA/nAh6b6EH0wCEoK0/mPeXU6c3wKDV83MkOuHPRHtSXKKU99IBazS/2w=="],

    "typescript": ["typescript@5.8.3", "", { "bin": { "tsc": "bin/tsc", "tsserver": "bin/tsserver" } }, "sha512-p1diW6TqL9L07nNxvRMM7hMMw4c5XOo/1ibL4aAIGmSAt9slTE1Xgw5KWuof2uTOvCg9BY7ZRi+GaF+7sfgPeQ=="],

    "undici-types": ["undici-types@6.21.0", "", {}, "sha512-iwDZqg0QAGrg9Rav5H4n0M64c3mkR59cJ6wQp+7C4nI0gsmExaedaYLNO44eT4AtBBwjbTiGPMlt2Md0T9H9JQ=="],
  }
}
